{
  "pins" : [
    {
      "identity" : "difference",
      "kind" : "remoteSourceControl",
      "location" : "https://github.com/krzysztofzablocki/Difference.git",
      "state" : {
        "revision" : "7eb73c5d28c87dd6c4bac805aa28f757648aa92c",
        "version" : "1.1.0"
      }
    },
    {
      "identity" : "paltalib-swift-core",
      "kind" : "remoteSourceControl",
      "location" : "https://github.com/simple-life-apps/paltalib-swift-core.git",
      "state" : {
        "revision" : "dfecba968badba929d2c47394de7c7286b6fcdbe",
        "version" : "3.2.2"
      }
    },
    {
      "identity" : "swift-protobuf",
      "kind" : "remoteSourceControl",
      "location" : "https://github.com/apple/swift-protobuf.git",
      "state" : {
        "revision" : "564597ad2fe2513a94dd8f3ba27ea2ff4be3cb37",
        "version" : "1.28.0"
      }
    }
  ],
  "version" : 2
}
